
Microsoft Visual Studio Solution File, Format Version 12.00
# Visual Studio 14
VisualStudioVersion = 14.0.23107.0
MinimumVisualStudioVersion = 10.0.40219.1
Project("{8BC9CEB8-8B4A-11D0-8D11-00A0C91BC942}") = "005_LongestPalindromicSubstring", "005_LongestPalindromicSubstring\005_LongestPalindromicSubstring.vcxproj", "{420F9135-03F2-40E7-9FDC-CC4F50857137}"
EndProject
Project("{8BC9CEB8-8B4A-11D0-8D11-00A0C91BC942}") = "007_ReverseInteger", "007_ReverseInteger\007_ReverseInteger.vcxproj", "{D17472DC-0635-491B-87FF-948425B54A77}"
EndProject
Project("{8BC9CEB8-8B4A-11D0-8D11-00A0C91BC942}") = "001_TwoSum", "001_TwoSum\TwoSum.vcxproj", "{88DF00E4-FDED-42AF-96C1-F872320F0881}"
EndProject
Project("{8BC9CEB8-8B4A-11D0-8D11-00A0C91BC942}") = "002_AddTwoNumbers", "002_AddTwoNumbers\AddTwoNumbers.vcxproj", "{58F375BD-98E8-4E01-AACE-7E55EEEA5F7E}"
EndProject
Project("{8BC9CEB8-8B4A-11D0-8D11-00A0C91BC942}") = "003_LongestSubstring", "003_LongestSubstring\LongestSubstring.vcxproj", "{3DD772B3-117A-4152-99DE-6F0051897718}"
EndProject
Project("{8BC9CEB8-8B4A-11D0-8D11-00A0C91BC942}") = "008_StringToInteger", "008_StringToInteger\StringToInteger.vcxproj", "{C65CD992-B94E-430A-B2F1-315B5AE603DE}"
EndProject
Project("{8BC9CEB8-8B4A-11D0-8D11-00A0C91BC942}") = "011_ContainerWithMostWater", "011_ContainerWithMostWater\011_ContainerWithMostWater.vcxproj", "{2EF2A028-BB06-4C84-8BB1-D5F81523A236}"
EndProject
Project("{8BC9CEB8-8B4A-11D0-8D11-00A0C91BC942}") = "013_RomanToInteger", "013_RomanToInteger\013_RomanToInteger.vcxproj", "{8747EDEB-3BC2-4698-8B09-EC3A053A983A}"
EndProject
Project("{8BC9CEB8-8B4A-11D0-8D11-00A0C91BC942}") = "014_LongestCommonPrefix", "014_LongestCommonPrefix\014_LongestCommonPrefix.vcxproj", "{0047CCAF-1DD6-472D-BA6D-62087F0DF9E6}"
EndProject
Project("{8BC9CEB8-8B4A-11D0-8D11-00A0C91BC942}") = "015_3Sum", "015_3Sum\015_3Sum.vcxproj", "{9F318212-6F52-43D0-8DBD-76D8D30A8872}"
EndProject
Project("{8BC9CEB8-8B4A-11D0-8D11-00A0C91BC942}") = "017_LetterCombinationsaOfAPhoneNumber", "017_LetterCombinationsaOfAPhoneNumber\017_LetterCombinationsaOfAPhoneNumber.vcxproj", "{1A86134C-C793-425B-BCFA-746890A95973}"
EndProject
Project("{8BC9CEB8-8B4A-11D0-8D11-00A0C91BC942}") = "019_RemoveNthNodeFromEndofList", "019_RemoveNthNodeFromEndofList\019_RemoveNthNodeFromEndofList.vcxproj", "{84276B87-6F6F-4FC7-9047-12ED5584C203}"
EndProject
Project("{8BC9CEB8-8B4A-11D0-8D11-00A0C91BC942}") = "020_ValidParentheses", "020_ValidParentheses\020_ValidParentheses.vcxproj", "{CF27A5E5-FBA7-4962-A8FD-680BCB60E9BE}"
EndProject
Project("{8BC9CEB8-8B4A-11D0-8D11-00A0C91BC942}") = "021_MergeTwoSortedLists", "021_MergeTwoSortedLists\021_MergeTwoSortedLists.vcxproj", "{B9A334DB-0F3C-420B-81C1-279BD395A646}"
EndProject
Project("{8BC9CEB8-8B4A-11D0-8D11-00A0C91BC942}") = "022_GenerateParentheses", "022_GenerateParentheses\022_GenerateParentheses.vcxproj", "{993EC58B-658A-4B5A-89E4-ECCDE36D1BDC}"
EndProject
Project("{8BC9CEB8-8B4A-11D0-8D11-00A0C91BC942}") = "026_RemoveDuplicatesFromSortedArray", "026_RemoveDuplicatesFromSortedArray\026_RemoveDuplicatesFromSortedArray.vcxproj", "{FC1E867F-5C66-4197-92B7-219DEA938BCC}"
EndProject
Project("{8BC9CEB8-8B4A-11D0-8D11-00A0C91BC942}") = "028_ImplementStrStr", "028_ImplementStrStr\028_ImplementStrStr.vcxproj", "{5997ADA3-D76C-4165-83D1-F080CDDC3F0A}"
EndProject
Project("{8BC9CEB8-8B4A-11D0-8D11-00A0C91BC942}") = "029_DivideTwoIntegers", "029_DivideTwoIntegers\029_DivideTwoIntegers.vcxproj", "{2D4ED810-8811-463B-AB58-0C50DC02CC43}"
EndProject
Project("{8BC9CEB8-8B4A-11D0-8D11-00A0C91BC942}") = "033_SearchInRotatedSortedArray", "033_SearchInRotatedSortedArray\033_SearchInRotatedSortedArray.vcxproj", "{00227C47-C711-4582-9C24-754813D84848}"
EndProject
Project("{8BC9CEB8-8B4A-11D0-8D11-00A0C91BC942}") = "034_FindFirstAndLastPosition", "034_FindFirstAndLastPosition\034_FindFirstAndLastPosition.vcxproj", "{3998D815-9D5D-4FA8-8071-073AA612464B}"
EndProject
Project("{8BC9CEB8-8B4A-11D0-8D11-00A0C91BC942}") = "036_ValidSudoku", "036_ValidSudoku\036_ValidSudoku.vcxproj", "{1C6805AD-4A3D-445C-A896-72929D69B68B}"
EndProject
Project("{8BC9CEB8-8B4A-11D0-8D11-00A0C91BC942}") = "038_CountAndSay", "038_CountAndSay\038_CountAndSay.vcxproj", "{E87A153A-FE6C-4F2A-B46C-EEFE44B1498D}"
EndProject
Project("{8BC9CEB8-8B4A-11D0-8D11-00A0C91BC942}") = "046_Permutations", "046_Permutations\046_Permutations.vcxproj", "{489F0B2B-DED4-4FB3-B757-D63D4EB0DCA3}"
EndProject
Project("{8BC9CEB8-8B4A-11D0-8D11-00A0C91BC942}") = "048_RotateImage", "048_RotateImage\048_RotateImage.vcxproj", "{E1FBA5EE-DC7F-4590-B15E-AD0648808FB9}"
EndProject
Project("{8BC9CEB8-8B4A-11D0-8D11-00A0C91BC942}") = "049_GroupAnagrams", "049_GroupAnagrams\049_GroupAnagrams.vcxproj", "{C4305053-E0AD-4F35-9FCF-A8D8CBFAF68B}"
EndProject
Global
	GlobalSection(SolutionConfigurationPlatforms) = preSolution
		Debug|x64 = Debug|x64
		Debug|x86 = Debug|x86
		Release|x64 = Release|x64
		Release|x86 = Release|x86
	EndGlobalSection
	GlobalSection(ProjectConfigurationPlatforms) = postSolution
		{420F9135-03F2-40E7-9FDC-CC4F50857137}.Debug|x64.ActiveCfg = Debug|x64
		{420F9135-03F2-40E7-9FDC-CC4F50857137}.Debug|x64.Build.0 = Debug|x64
		{420F9135-03F2-40E7-9FDC-CC4F50857137}.Debug|x86.ActiveCfg = Debug|Win32
		{420F9135-03F2-40E7-9FDC-CC4F50857137}.Debug|x86.Build.0 = Debug|Win32
		{420F9135-03F2-40E7-9FDC-CC4F50857137}.Release|x64.ActiveCfg = Release|x64
		{420F9135-03F2-40E7-9FDC-CC4F50857137}.Release|x64.Build.0 = Release|x64
		{420F9135-03F2-40E7-9FDC-CC4F50857137}.Release|x86.ActiveCfg = Release|Win32
		{420F9135-03F2-40E7-9FDC-CC4F50857137}.Release|x86.Build.0 = Release|Win32
		{D17472DC-0635-491B-87FF-948425B54A77}.Debug|x64.ActiveCfg = Debug|x64
		{D17472DC-0635-491B-87FF-948425B54A77}.Debug|x64.Build.0 = Debug|x64
		{D17472DC-0635-491B-87FF-948425B54A77}.Debug|x86.ActiveCfg = Debug|Win32
		{D17472DC-0635-491B-87FF-948425B54A77}.Debug|x86.Build.0 = Debug|Win32
		{D17472DC-0635-491B-87FF-948425B54A77}.Release|x64.ActiveCfg = Release|x64
		{D17472DC-0635-491B-87FF-948425B54A77}.Release|x64.Build.0 = Release|x64
		{D17472DC-0635-491B-87FF-948425B54A77}.Release|x86.ActiveCfg = Release|Win32
		{D17472DC-0635-491B-87FF-948425B54A77}.Release|x86.Build.0 = Release|Win32
		{88DF00E4-FDED-42AF-96C1-F872320F0881}.Debug|x64.ActiveCfg = Debug|x64
		{88DF00E4-FDED-42AF-96C1-F872320F0881}.Debug|x64.Build.0 = Debug|x64
		{88DF00E4-FDED-42AF-96C1-F872320F0881}.Debug|x86.ActiveCfg = Debug|Win32
		{88DF00E4-FDED-42AF-96C1-F872320F0881}.Debug|x86.Build.0 = Debug|Win32
		{88DF00E4-FDED-42AF-96C1-F872320F0881}.Release|x64.ActiveCfg = Release|x64
		{88DF00E4-FDED-42AF-96C1-F872320F0881}.Release|x64.Build.0 = Release|x64
		{88DF00E4-FDED-42AF-96C1-F872320F0881}.Release|x86.ActiveCfg = Release|Win32
		{88DF00E4-FDED-42AF-96C1-F872320F0881}.Release|x86.Build.0 = Release|Win32
		{58F375BD-98E8-4E01-AACE-7E55EEEA5F7E}.Debug|x64.ActiveCfg = Debug|x64
		{58F375BD-98E8-4E01-AACE-7E55EEEA5F7E}.Debug|x64.Build.0 = Debug|x64
		{58F375BD-98E8-4E01-AACE-7E55EEEA5F7E}.Debug|x86.ActiveCfg = Debug|Win32
		{58F375BD-98E8-4E01-AACE-7E55EEEA5F7E}.Debug|x86.Build.0 = Debug|Win32
		{58F375BD-98E8-4E01-AACE-7E55EEEA5F7E}.Release|x64.ActiveCfg = Release|x64
		{58F375BD-98E8-4E01-AACE-7E55EEEA5F7E}.Release|x64.Build.0 = Release|x64
		{58F375BD-98E8-4E01-AACE-7E55EEEA5F7E}.Release|x86.ActiveCfg = Release|Win32
		{58F375BD-98E8-4E01-AACE-7E55EEEA5F7E}.Release|x86.Build.0 = Release|Win32
		{3DD772B3-117A-4152-99DE-6F0051897718}.Debug|x64.ActiveCfg = Debug|x64
		{3DD772B3-117A-4152-99DE-6F0051897718}.Debug|x64.Build.0 = Debug|x64
		{3DD772B3-117A-4152-99DE-6F0051897718}.Debug|x86.ActiveCfg = Debug|Win32
		{3DD772B3-117A-4152-99DE-6F0051897718}.Debug|x86.Build.0 = Debug|Win32
		{3DD772B3-117A-4152-99DE-6F0051897718}.Release|x64.ActiveCfg = Release|x64
		{3DD772B3-117A-4152-99DE-6F0051897718}.Release|x64.Build.0 = Release|x64
		{3DD772B3-117A-4152-99DE-6F0051897718}.Release|x86.ActiveCfg = Release|Win32
		{3DD772B3-117A-4152-99DE-6F0051897718}.Release|x86.Build.0 = Release|Win32
		{C65CD992-B94E-430A-B2F1-315B5AE603DE}.Debug|x64.ActiveCfg = Debug|x64
		{C65CD992-B94E-430A-B2F1-315B5AE603DE}.Debug|x64.Build.0 = Debug|x64
		{C65CD992-B94E-430A-B2F1-315B5AE603DE}.Debug|x86.ActiveCfg = Debug|Win32
		{C65CD992-B94E-430A-B2F1-315B5AE603DE}.Debug|x86.Build.0 = Debug|Win32
		{C65CD992-B94E-430A-B2F1-315B5AE603DE}.Release|x64.ActiveCfg = Release|x64
		{C65CD992-B94E-430A-B2F1-315B5AE603DE}.Release|x64.Build.0 = Release|x64
		{C65CD992-B94E-430A-B2F1-315B5AE603DE}.Release|x86.ActiveCfg = Release|Win32
		{C65CD992-B94E-430A-B2F1-315B5AE603DE}.Release|x86.Build.0 = Release|Win32
		{2EF2A028-BB06-4C84-8BB1-D5F81523A236}.Debug|x64.ActiveCfg = Debug|x64
		{2EF2A028-BB06-4C84-8BB1-D5F81523A236}.Debug|x64.Build.0 = Debug|x64
		{2EF2A028-BB06-4C84-8BB1-D5F81523A236}.Debug|x86.ActiveCfg = Debug|Win32
		{2EF2A028-BB06-4C84-8BB1-D5F81523A236}.Debug|x86.Build.0 = Debug|Win32
		{2EF2A028-BB06-4C84-8BB1-D5F81523A236}.Release|x64.ActiveCfg = Release|x64
		{2EF2A028-BB06-4C84-8BB1-D5F81523A236}.Release|x64.Build.0 = Release|x64
		{2EF2A028-BB06-4C84-8BB1-D5F81523A236}.Release|x86.ActiveCfg = Release|Win32
		{2EF2A028-BB06-4C84-8BB1-D5F81523A236}.Release|x86.Build.0 = Release|Win32
		{8747EDEB-3BC2-4698-8B09-EC3A053A983A}.Debug|x64.ActiveCfg = Debug|x64
		{8747EDEB-3BC2-4698-8B09-EC3A053A983A}.Debug|x64.Build.0 = Debug|x64
		{8747EDEB-3BC2-4698-8B09-EC3A053A983A}.Debug|x86.ActiveCfg = Debug|Win32
		{8747EDEB-3BC2-4698-8B09-EC3A053A983A}.Debug|x86.Build.0 = Debug|Win32
		{8747EDEB-3BC2-4698-8B09-EC3A053A983A}.Release|x64.ActiveCfg = Release|x64
		{8747EDEB-3BC2-4698-8B09-EC3A053A983A}.Release|x64.Build.0 = Release|x64
		{8747EDEB-3BC2-4698-8B09-EC3A053A983A}.Release|x86.ActiveCfg = Release|Win32
		{8747EDEB-3BC2-4698-8B09-EC3A053A983A}.Release|x86.Build.0 = Release|Win32
		{0047CCAF-1DD6-472D-BA6D-62087F0DF9E6}.Debug|x64.ActiveCfg = Debug|x64
		{0047CCAF-1DD6-472D-BA6D-62087F0DF9E6}.Debug|x64.Build.0 = Debug|x64
		{0047CCAF-1DD6-472D-BA6D-62087F0DF9E6}.Debug|x86.ActiveCfg = Debug|Win32
		{0047CCAF-1DD6-472D-BA6D-62087F0DF9E6}.Debug|x86.Build.0 = Debug|Win32
		{0047CCAF-1DD6-472D-BA6D-62087F0DF9E6}.Release|x64.ActiveCfg = Release|x64
		{0047CCAF-1DD6-472D-BA6D-62087F0DF9E6}.Release|x64.Build.0 = Release|x64
		{0047CCAF-1DD6-472D-BA6D-62087F0DF9E6}.Release|x86.ActiveCfg = Release|Win32
		{0047CCAF-1DD6-472D-BA6D-62087F0DF9E6}.Release|x86.Build.0 = Release|Win32
		{9F318212-6F52-43D0-8DBD-76D8D30A8872}.Debug|x64.ActiveCfg = Debug|x64
		{9F318212-6F52-43D0-8DBD-76D8D30A8872}.Debug|x64.Build.0 = Debug|x64
		{9F318212-6F52-43D0-8DBD-76D8D30A8872}.Debug|x86.ActiveCfg = Debug|Win32
		{9F318212-6F52-43D0-8DBD-76D8D30A8872}.Debug|x86.Build.0 = Debug|Win32
		{9F318212-6F52-43D0-8DBD-76D8D30A8872}.Release|x64.ActiveCfg = Release|x64
		{9F318212-6F52-43D0-8DBD-76D8D30A8872}.Release|x64.Build.0 = Release|x64
		{9F318212-6F52-43D0-8DBD-76D8D30A8872}.Release|x86.ActiveCfg = Release|Win32
		{9F318212-6F52-43D0-8DBD-76D8D30A8872}.Release|x86.Build.0 = Release|Win32
		{1A86134C-C793-425B-BCFA-746890A95973}.Debug|x64.ActiveCfg = Debug|x64
		{1A86134C-C793-425B-BCFA-746890A95973}.Debug|x64.Build.0 = Debug|x64
		{1A86134C-C793-425B-BCFA-746890A95973}.Debug|x86.ActiveCfg = Debug|Win32
		{1A86134C-C793-425B-BCFA-746890A95973}.Debug|x86.Build.0 = Debug|Win32
		{1A86134C-C793-425B-BCFA-746890A95973}.Release|x64.ActiveCfg = Release|x64
		{1A86134C-C793-425B-BCFA-746890A95973}.Release|x64.Build.0 = Release|x64
		{1A86134C-C793-425B-BCFA-746890A95973}.Release|x86.ActiveCfg = Release|Win32
		{1A86134C-C793-425B-BCFA-746890A95973}.Release|x86.Build.0 = Release|Win32
		{84276B87-6F6F-4FC7-9047-12ED5584C203}.Debug|x64.ActiveCfg = Debug|x64
		{84276B87-6F6F-4FC7-9047-12ED5584C203}.Debug|x64.Build.0 = Debug|x64
		{84276B87-6F6F-4FC7-9047-12ED5584C203}.Debug|x86.ActiveCfg = Debug|Win32
		{84276B87-6F6F-4FC7-9047-12ED5584C203}.Debug|x86.Build.0 = Debug|Win32
		{84276B87-6F6F-4FC7-9047-12ED5584C203}.Release|x64.ActiveCfg = Release|x64
		{84276B87-6F6F-4FC7-9047-12ED5584C203}.Release|x64.Build.0 = Release|x64
		{84276B87-6F6F-4FC7-9047-12ED5584C203}.Release|x86.ActiveCfg = Release|Win32
		{84276B87-6F6F-4FC7-9047-12ED5584C203}.Release|x86.Build.0 = Release|Win32
		{CF27A5E5-FBA7-4962-A8FD-680BCB60E9BE}.Debug|x64.ActiveCfg = Debug|x64
		{CF27A5E5-FBA7-4962-A8FD-680BCB60E9BE}.Debug|x64.Build.0 = Debug|x64
		{CF27A5E5-FBA7-4962-A8FD-680BCB60E9BE}.Debug|x86.ActiveCfg = Debug|Win32
		{CF27A5E5-FBA7-4962-A8FD-680BCB60E9BE}.Debug|x86.Build.0 = Debug|Win32
		{CF27A5E5-FBA7-4962-A8FD-680BCB60E9BE}.Release|x64.ActiveCfg = Release|x64
		{CF27A5E5-FBA7-4962-A8FD-680BCB60E9BE}.Release|x64.Build.0 = Release|x64
		{CF27A5E5-FBA7-4962-A8FD-680BCB60E9BE}.Release|x86.ActiveCfg = Release|Win32
		{CF27A5E5-FBA7-4962-A8FD-680BCB60E9BE}.Release|x86.Build.0 = Release|Win32
		{B9A334DB-0F3C-420B-81C1-279BD395A646}.Debug|x64.ActiveCfg = Debug|x64
		{B9A334DB-0F3C-420B-81C1-279BD395A646}.Debug|x64.Build.0 = Debug|x64
		{B9A334DB-0F3C-420B-81C1-279BD395A646}.Debug|x86.ActiveCfg = Debug|Win32
		{B9A334DB-0F3C-420B-81C1-279BD395A646}.Debug|x86.Build.0 = Debug|Win32
		{B9A334DB-0F3C-420B-81C1-279BD395A646}.Release|x64.ActiveCfg = Release|x64
		{B9A334DB-0F3C-420B-81C1-279BD395A646}.Release|x64.Build.0 = Release|x64
		{B9A334DB-0F3C-420B-81C1-279BD395A646}.Release|x86.ActiveCfg = Release|Win32
		{B9A334DB-0F3C-420B-81C1-279BD395A646}.Release|x86.Build.0 = Release|Win32
		{993EC58B-658A-4B5A-89E4-ECCDE36D1BDC}.Debug|x64.ActiveCfg = Debug|x64
		{993EC58B-658A-4B5A-89E4-ECCDE36D1BDC}.Debug|x64.Build.0 = Debug|x64
		{993EC58B-658A-4B5A-89E4-ECCDE36D1BDC}.Debug|x86.ActiveCfg = Debug|Win32
		{993EC58B-658A-4B5A-89E4-ECCDE36D1BDC}.Debug|x86.Build.0 = Debug|Win32
		{993EC58B-658A-4B5A-89E4-ECCDE36D1BDC}.Release|x64.ActiveCfg = Release|x64
		{993EC58B-658A-4B5A-89E4-ECCDE36D1BDC}.Release|x64.Build.0 = Release|x64
		{993EC58B-658A-4B5A-89E4-ECCDE36D1BDC}.Release|x86.ActiveCfg = Release|Win32
		{993EC58B-658A-4B5A-89E4-ECCDE36D1BDC}.Release|x86.Build.0 = Release|Win32
		{FC1E867F-5C66-4197-92B7-219DEA938BCC}.Debug|x64.ActiveCfg = Debug|x64
		{FC1E867F-5C66-4197-92B7-219DEA938BCC}.Debug|x64.Build.0 = Debug|x64
		{FC1E867F-5C66-4197-92B7-219DEA938BCC}.Debug|x86.ActiveCfg = Debug|Win32
		{FC1E867F-5C66-4197-92B7-219DEA938BCC}.Debug|x86.Build.0 = Debug|Win32
		{FC1E867F-5C66-4197-92B7-219DEA938BCC}.Release|x64.ActiveCfg = Release|x64
		{FC1E867F-5C66-4197-92B7-219DEA938BCC}.Release|x64.Build.0 = Release|x64
		{FC1E867F-5C66-4197-92B7-219DEA938BCC}.Release|x86.ActiveCfg = Release|Win32
		{FC1E867F-5C66-4197-92B7-219DEA938BCC}.Release|x86.Build.0 = Release|Win32
		{5997ADA3-D76C-4165-83D1-F080CDDC3F0A}.Debug|x64.ActiveCfg = Debug|x64
		{5997ADA3-D76C-4165-83D1-F080CDDC3F0A}.Debug|x64.Build.0 = Debug|x64
		{5997ADA3-D76C-4165-83D1-F080CDDC3F0A}.Debug|x86.ActiveCfg = Debug|Win32
		{5997ADA3-D76C-4165-83D1-F080CDDC3F0A}.Debug|x86.Build.0 = Debug|Win32
		{5997ADA3-D76C-4165-83D1-F080CDDC3F0A}.Release|x64.ActiveCfg = Release|x64
		{5997ADA3-D76C-4165-83D1-F080CDDC3F0A}.Release|x64.Build.0 = Release|x64
		{5997ADA3-D76C-4165-83D1-F080CDDC3F0A}.Release|x86.ActiveCfg = Release|Win32
		{5997ADA3-D76C-4165-83D1-F080CDDC3F0A}.Release|x86.Build.0 = Release|Win32
		{2D4ED810-8811-463B-AB58-0C50DC02CC43}.Debug|x64.ActiveCfg = Debug|x64
		{2D4ED810-8811-463B-AB58-0C50DC02CC43}.Debug|x64.Build.0 = Debug|x64
		{2D4ED810-8811-463B-AB58-0C50DC02CC43}.Debug|x86.ActiveCfg = Debug|Win32
		{2D4ED810-8811-463B-AB58-0C50DC02CC43}.Debug|x86.Build.0 = Debug|Win32
		{2D4ED810-8811-463B-AB58-0C50DC02CC43}.Release|x64.ActiveCfg = Release|x64
		{2D4ED810-8811-463B-AB58-0C50DC02CC43}.Release|x64.Build.0 = Release|x64
		{2D4ED810-8811-463B-AB58-0C50DC02CC43}.Release|x86.ActiveCfg = Release|Win32
		{2D4ED810-8811-463B-AB58-0C50DC02CC43}.Release|x86.Build.0 = Release|Win32
		{00227C47-C711-4582-9C24-754813D84848}.Debug|x64.ActiveCfg = Debug|x64
		{00227C47-C711-4582-9C24-754813D84848}.Debug|x64.Build.0 = Debug|x64
		{00227C47-C711-4582-9C24-754813D84848}.Debug|x86.ActiveCfg = Debug|Win32
		{00227C47-C711-4582-9C24-754813D84848}.Debug|x86.Build.0 = Debug|Win32
		{00227C47-C711-4582-9C24-754813D84848}.Release|x64.ActiveCfg = Release|x64
		{00227C47-C711-4582-9C24-754813D84848}.Release|x64.Build.0 = Release|x64
		{00227C47-C711-4582-9C24-754813D84848}.Release|x86.ActiveCfg = Release|Win32
		{00227C47-C711-4582-9C24-754813D84848}.Release|x86.Build.0 = Release|Win32
		{3998D815-9D5D-4FA8-8071-073AA612464B}.Debug|x64.ActiveCfg = Debug|x64
		{3998D815-9D5D-4FA8-8071-073AA612464B}.Debug|x64.Build.0 = Debug|x64
		{3998D815-9D5D-4FA8-8071-073AA612464B}.Debug|x86.ActiveCfg = Debug|Win32
		{3998D815-9D5D-4FA8-8071-073AA612464B}.Debug|x86.Build.0 = Debug|Win32
		{3998D815-9D5D-4FA8-8071-073AA612464B}.Release|x64.ActiveCfg = Release|x64
		{3998D815-9D5D-4FA8-8071-073AA612464B}.Release|x64.Build.0 = Release|x64
		{3998D815-9D5D-4FA8-8071-073AA612464B}.Release|x86.ActiveCfg = Release|Win32
		{3998D815-9D5D-4FA8-8071-073AA612464B}.Release|x86.Build.0 = Release|Win32
		{1C6805AD-4A3D-445C-A896-72929D69B68B}.Debug|x64.ActiveCfg = Debug|x64
		{1C6805AD-4A3D-445C-A896-72929D69B68B}.Debug|x64.Build.0 = Debug|x64
		{1C6805AD-4A3D-445C-A896-72929D69B68B}.Debug|x86.ActiveCfg = Debug|Win32
		{1C6805AD-4A3D-445C-A896-72929D69B68B}.Debug|x86.Build.0 = Debug|Win32
		{1C6805AD-4A3D-445C-A896-72929D69B68B}.Release|x64.ActiveCfg = Release|x64
		{1C6805AD-4A3D-445C-A896-72929D69B68B}.Release|x64.Build.0 = Release|x64
		{1C6805AD-4A3D-445C-A896-72929D69B68B}.Release|x86.ActiveCfg = Release|Win32
		{1C6805AD-4A3D-445C-A896-72929D69B68B}.Release|x86.Build.0 = Release|Win32
		{E87A153A-FE6C-4F2A-B46C-EEFE44B1498D}.Debug|x64.ActiveCfg = Debug|x64
		{E87A153A-FE6C-4F2A-B46C-EEFE44B1498D}.Debug|x64.Build.0 = Debug|x64
		{E87A153A-FE6C-4F2A-B46C-EEFE44B1498D}.Debug|x86.ActiveCfg = Debug|Win32
		{E87A153A-FE6C-4F2A-B46C-EEFE44B1498D}.Debug|x86.Build.0 = Debug|Win32
		{E87A153A-FE6C-4F2A-B46C-EEFE44B1498D}.Release|x64.ActiveCfg = Release|x64
		{E87A153A-FE6C-4F2A-B46C-EEFE44B1498D}.Release|x64.Build.0 = Release|x64
		{E87A153A-FE6C-4F2A-B46C-EEFE44B1498D}.Release|x86.ActiveCfg = Release|Win32
		{E87A153A-FE6C-4F2A-B46C-EEFE44B1498D}.Release|x86.Build.0 = Release|Win32
		{489F0B2B-DED4-4FB3-B757-D63D4EB0DCA3}.Debug|x64.ActiveCfg = Debug|x64
		{489F0B2B-DED4-4FB3-B757-D63D4EB0DCA3}.Debug|x64.Build.0 = Debug|x64
		{489F0B2B-DED4-4FB3-B757-D63D4EB0DCA3}.Debug|x86.ActiveCfg = Debug|Win32
		{489F0B2B-DED4-4FB3-B757-D63D4EB0DCA3}.Debug|x86.Build.0 = Debug|Win32
		{489F0B2B-DED4-4FB3-B757-D63D4EB0DCA3}.Release|x64.ActiveCfg = Release|x64
		{489F0B2B-DED4-4FB3-B757-D63D4EB0DCA3}.Release|x64.Build.0 = Release|x64
		{489F0B2B-DED4-4FB3-B757-D63D4EB0DCA3}.Release|x86.ActiveCfg = Release|Win32
		{489F0B2B-DED4-4FB3-B757-D63D4EB0DCA3}.Release|x86.Build.0 = Release|Win32
		{E1FBA5EE-DC7F-4590-B15E-AD0648808FB9}.Debug|x64.ActiveCfg = Debug|x64
		{E1FBA5EE-DC7F-4590-B15E-AD0648808FB9}.Debug|x64.Build.0 = Debug|x64
		{E1FBA5EE-DC7F-4590-B15E-AD0648808FB9}.Debug|x86.ActiveCfg = Debug|Win32
		{E1FBA5EE-DC7F-4590-B15E-AD0648808FB9}.Debug|x86.Build.0 = Debug|Win32
		{E1FBA5EE-DC7F-4590-B15E-AD0648808FB9}.Release|x64.ActiveCfg = Release|x64
		{E1FBA5EE-DC7F-4590-B15E-AD0648808FB9}.Release|x64.Build.0 = Release|x64
		{E1FBA5EE-DC7F-4590-B15E-AD0648808FB9}.Release|x86.ActiveCfg = Release|Win32
		{E1FBA5EE-DC7F-4590-B15E-AD0648808FB9}.Release|x86.Build.0 = Release|Win32
		{C4305053-E0AD-4F35-9FCF-A8D8CBFAF68B}.Debug|x64.ActiveCfg = Debug|x64
		{C4305053-E0AD-4F35-9FCF-A8D8CBFAF68B}.Debug|x64.Build.0 = Debug|x64
		{C4305053-E0AD-4F35-9FCF-A8D8CBFAF68B}.Debug|x86.ActiveCfg = Debug|Win32
		{C4305053-E0AD-4F35-9FCF-A8D8CBFAF68B}.Debug|x86.Build.0 = Debug|Win32
		{C4305053-E0AD-4F35-9FCF-A8D8CBFAF68B}.Release|x64.ActiveCfg = Release|x64
		{C4305053-E0AD-4F35-9FCF-A8D8CBFAF68B}.Release|x64.Build.0 = Release|x64
		{C4305053-E0AD-4F35-9FCF-A8D8CBFAF68B}.Release|x86.ActiveCfg = Release|Win32
		{C4305053-E0AD-4F35-9FCF-A8D8CBFAF68B}.Release|x86.Build.0 = Release|Win32
	EndGlobalSection
	GlobalSection(SolutionProperties) = preSolution
		HideSolutionNode = FALSE
	EndGlobalSection
EndGlobal
